
Microsoft Visual Studio Solution File, Format Version 12.00
# Visual Studio Version 17
VisualStudioVersion = 17.13.35931.197 d17.13
MinimumVisualStudioVersion = 10.0.40219.1
Project("{FAE04EC0-301F-11D3-BF4B-00C04F79EFBC}") = "SelfAspNet3", "SelfAspNet3\SelfAspNet3.csproj", "{D37CB2FA-513A-4003-9266-C642411D73FD}"
EndProject
Global
	GlobalSection(SolutionConfigurationPlatforms) = preSolution
		Debug|Any CPU = Debug|Any CPU
		Release|Any CPU = Release|Any CPU
	EndGlobalSection
	GlobalSection(ProjectConfigurationPlatforms) = postSolution
		{D37CB2FA-513A-4003-9266-C642411D73FD}.Debug|Any CPU.ActiveCfg = Debug|Any CPU
		{D37CB2FA-513A-4003-9266-C642411D73FD}.Debug|Any CPU.Build.0 = Debug|Any CPU
		{D37CB2FA-513A-4003-9266-C642411D73FD}.Release|Any CPU.ActiveCfg = Release|Any CPU
		{D37CB2FA-513A-4003-9266-C642411D73FD}.Release|Any CPU.Build.0 = Release|Any CPU
	EndGlobalSection
	GlobalSection(SolutionProperties) = preSolution
		HideSolutionNode = FALSE
	EndGlobalSection
	GlobalSection(ExtensibilityGlobals) = postSolution
		SolutionGuid = {17F28DB1-D50B-4CA8-BE7F-CB36B2AD578B}
	EndGlobalSection
EndGlobal
